
Microsoft Visual Studio Solution File, Format Version 12.00
# Visual Studio Version 17
VisualStudioVersion = 17.8.34330.188
MinimumVisualStudioVersion = 10.0.40219.1
Project("{9A19103F-16F7-4668-BE54-9A1E7A4F7556}") = "02-Prompt-Templates", "02-Prompt-Templates\02-Prompt-Templates.csproj", "{0E46669F-DA11-4B92-A768-47B0E3E3F9E4}"
EndProject
Project("{9A19103F-16F7-4668-BE54-9A1E7A4F7556}") = "02-Prompt-Templates-Handlebars", "02-Prompt-Templates-Handlebars\02-Prompt-Templates-Handlebars.csproj", "{50A791BB-5566-42A9-9118-80D841473593}"
EndProject
Project("{9A19103F-16F7-4668-BE54-9A1E7A4F7556}") = "03-Prompt-User-Roles", "03-Prompt-User-Roles\03-Prompt-User-Roles.csproj", "{F8734154-9798-4AF0-AC14-7162A45AE9C0}"
EndProject
Project("{9A19103F-16F7-4668-BE54-9A1E7A4F7556}") = "05-Native-Functions", "05-Native-Functions\05-Native-Functions.csproj", "{3F89B005-68F4-4A0A-AA49-CAAEE606A432}"
EndProject
Project("{9A19103F-16F7-4668-BE54-9A1E7A4F7556}") = "01-Prompt", "01-Prompt\01-Prompt.csproj", "{FB529A56-A41D-47A7-8653-59FAAEB7E052}"
EndProject
Project("{9A19103F-16F7-4668-BE54-9A1E7A4F7556}") = "04-Plugins", "04-Plugins\04-Plugins.csproj", "{36ADB22D-16E8-468A-AD11-3A04375A1BA5}"
EndProject
Project("{9A19103F-16F7-4668-BE54-9A1E7A4F7556}") = "07-Memory", "07-Memory\07-Memory.csproj", "{95A66D8B-9610-4F3C-A53E-002FF7B4F98B}"
EndProject
Project("{9A19103F-16F7-4668-BE54-9A1E7A4F7556}") = "07-Memory-Kernel", "07-Memory-Kernel\07-Memory-Kernel.csproj", "{234608A5-AE4B-458F-A13C-59C8EA9BCFB4}"
EndProject
Project("{FAE04EC0-301F-11D3-BF4B-00C04F79EFBC}") = "06-Agent", "06-Agent\06-Agent.csproj", "{AC438130-6927-496A-A78F-CA78F00BE43F}"
EndProject
Global
	GlobalSection(SolutionConfigurationPlatforms) = preSolution
		Debug|Any CPU = Debug|Any CPU
		Release|Any CPU = Release|Any CPU
	EndGlobalSection
	GlobalSection(ProjectConfigurationPlatforms) = postSolution
		{0E46669F-DA11-4B92-A768-47B0E3E3F9E4}.Debug|Any CPU.ActiveCfg = Debug|Any CPU
		{0E46669F-DA11-4B92-A768-47B0E3E3F9E4}.Debug|Any CPU.Build.0 = Debug|Any CPU
		{0E46669F-DA11-4B92-A768-47B0E3E3F9E4}.Release|Any CPU.ActiveCfg = Release|Any CPU
		{0E46669F-DA11-4B92-A768-47B0E3E3F9E4}.Release|Any CPU.Build.0 = Release|Any CPU
		{50A791BB-5566-42A9-9118-80D841473593}.Debug|Any CPU.ActiveCfg = Debug|Any CPU
		{50A791BB-5566-42A9-9118-80D841473593}.Debug|Any CPU.Build.0 = Debug|Any CPU
		{50A791BB-5566-42A9-9118-80D841473593}.Release|Any CPU.ActiveCfg = Release|Any CPU
		{50A791BB-5566-42A9-9118-80D841473593}.Release|Any CPU.Build.0 = Release|Any CPU
		{F8734154-9798-4AF0-AC14-7162A45AE9C0}.Debug|Any CPU.ActiveCfg = Debug|Any CPU
		{F8734154-9798-4AF0-AC14-7162A45AE9C0}.Debug|Any CPU.Build.0 = Debug|Any CPU
		{F8734154-9798-4AF0-AC14-7162A45AE9C0}.Release|Any CPU.ActiveCfg = Release|Any CPU
		{F8734154-9798-4AF0-AC14-7162A45AE9C0}.Release|Any CPU.Build.0 = Release|Any CPU
		{3F89B005-68F4-4A0A-AA49-CAAEE606A432}.Debug|Any CPU.ActiveCfg = Debug|Any CPU
		{3F89B005-68F4-4A0A-AA49-CAAEE606A432}.Debug|Any CPU.Build.0 = Debug|Any CPU
		{3F89B005-68F4-4A0A-AA49-CAAEE606A432}.Release|Any CPU.ActiveCfg = Release|Any CPU
		{3F89B005-68F4-4A0A-AA49-CAAEE606A432}.Release|Any CPU.Build.0 = Release|Any CPU
		{FB529A56-A41D-47A7-8653-59FAAEB7E052}.Debug|Any CPU.ActiveCfg = Debug|Any CPU
		{FB529A56-A41D-47A7-8653-59FAAEB7E052}.Debug|Any CPU.Build.0 = Debug|Any CPU
		{FB529A56-A41D-47A7-8653-59FAAEB7E052}.Release|Any CPU.ActiveCfg = Release|Any CPU
		{FB529A56-A41D-47A7-8653-59FAAEB7E052}.Release|Any CPU.Build.0 = Release|Any CPU
		{36ADB22D-16E8-468A-AD11-3A04375A1BA5}.Debug|Any CPU.ActiveCfg = Debug|Any CPU
		{36ADB22D-16E8-468A-AD11-3A04375A1BA5}.Debug|Any CPU.Build.0 = Debug|Any CPU
		{36ADB22D-16E8-468A-AD11-3A04375A1BA5}.Release|Any CPU.ActiveCfg = Release|Any CPU
		{36ADB22D-16E8-468A-AD11-3A04375A1BA5}.Release|Any CPU.Build.0 = Release|Any CPU
		{95A66D8B-9610-4F3C-A53E-002FF7B4F98B}.Debug|Any CPU.ActiveCfg = Debug|Any CPU
		{95A66D8B-9610-4F3C-A53E-002FF7B4F98B}.Debug|Any CPU.Build.0 = Debug|Any CPU
		{95A66D8B-9610-4F3C-A53E-002FF7B4F98B}.Release|Any CPU.ActiveCfg = Release|Any CPU
		{95A66D8B-9610-4F3C-A53E-002FF7B4F98B}.Release|Any CPU.Build.0 = Release|Any CPU
		{234608A5-AE4B-458F-A13C-59C8EA9BCFB4}.Debug|Any CPU.ActiveCfg = Debug|Any CPU
		{234608A5-AE4B-458F-A13C-59C8EA9BCFB4}.Debug|Any CPU.Build.0 = Debug|Any CPU
		{234608A5-AE4B-458F-A13C-59C8EA9BCFB4}.Release|Any CPU.ActiveCfg = Release|Any CPU
		{234608A5-AE4B-458F-A13C-59C8EA9BCFB4}.Release|Any CPU.Build.0 = Release|Any CPU
		{AC438130-6927-496A-A78F-CA78F00BE43F}.Debug|Any CPU.ActiveCfg = Debug|Any CPU
		{AC438130-6927-496A-A78F-CA78F00BE43F}.Debug|Any CPU.Build.0 = Debug|Any CPU
		{AC438130-6927-496A-A78F-CA78F00BE43F}.Release|Any CPU.ActiveCfg = Release|Any CPU
		{AC438130-6927-496A-A78F-CA78F00BE43F}.Release|Any CPU.Build.0 = Release|Any CPU
	EndGlobalSection
	GlobalSection(SolutionProperties) = preSolution
		HideSolutionNode = FALSE
	EndGlobalSection
	GlobalSection(ExtensibilityGlobals) = postSolution
		SolutionGuid = {DD1228F6-2E24-4766-AD7E-4E31ABA3E352}
	EndGlobalSection
EndGlobal
